# THIS IS AN AUTOGENERATED FILE. DO NOT EDIT THIS FILE DIRECTLY.
# yarn lockfile v1


"@nger/core@^1.8.12", "@nger/core@^1.8.7":
  version "1.8.12"
  resolved "https://registry.yarnpkg.com/@nger/core/-/core-1.8.12.tgz#ba72056ffdfe352ee231125726893d6d52444b9f"
  integrity sha512-4bL+3Iy5jp2LSeugCcPfv4C7GX91paXBsdtxccOqgN4acj957kGYTgvKWTz5RMN82AqwRC049jFIatcTIAGRDw==
  dependencies:
    "@nger/decorator" "^1.1.12"
    "@nger/di" "^1.5.7"
    http-status-codes "^1.4.0"
    rxjs "^6.5.3"

"@nger/decorator@^1.1.12":
  version "1.1.12"
  resolved "https://registry.yarnpkg.com/@nger/decorator/-/decorator-1.1.12.tgz#8b921fbffda52338ecc304854c599f455bfc5343"
  integrity sha512-0jOQBEZmG6S5zh1kiaiIIJ90FMKRDfxGyYvjgkn0RMT6SuccOYvkOZkQAaF15rbO1vA5HgMlSfJw6j3ZPrBvSg==
  dependencies:
    reflect-metadata "^0.1.13"

"@nger/di@^1.5.7":
  version "1.5.7"
  resolved "https://registry.yarnpkg.com/@nger/di/-/di-1.5.7.tgz#bcc92b5ca317a9400a6dc3be0d6f3973c7a2de6e"
  integrity sha512-CNNqFxTFp2Ir7kvAMxhcMVeXene5SH4O9jQbVTkvvJP1es/dt0Pr4VFltMkaE6wW1dAMyr1RhZ5bzYRdOuJy+A==
  dependencies:
    "@nger/decorator" "^1.1.12"

"@nger/platform.core@^1.1.2":
  version "1.1.2"
  resolved "https://registry.yarnpkg.com/@nger/platform.core/-/platform.core-1.1.2.tgz#70f6797f3804591ced5dee781bc3b1e763870d1a"
  integrity sha512-LA9ubJa3Ae8kR7V8MDBeUcVPCH9TKHRnJz+1RYCLc/XBpiClrOsWHiXKuQXy0C9ZWpiqjWJVkgqiMVdVgnEn9g==
  dependencies:
    "@nger/core" "^1.8.12"
    "@nger/rx.store" "^1.0.11"

"@nger/rx.effects@^1.0.10":
  version "1.0.10"
  resolved "https://registry.yarnpkg.com/@nger/rx.effects/-/rx.effects-1.0.10.tgz#d3986ae0b5bcee3fb40371f30322f373b897c641"
  integrity sha512-LdcIgowxcVILcHHTOeriQqmFOc+MW7zxY9aTor2YVTyVVuoJO6znnMN2RcSxjDEweH2QF1eTxxa+1Hw5QOu+VA==
  dependencies:
    "@nger/core" "^1.8.7"
    "@nger/rx.store" "^1.0.11"
    rxjs "^6.5.3"

"@nger/rx.store@^1.0.11":
  version "1.0.11"
  resolved "https://registry.yarnpkg.com/@nger/rx.store/-/rx.store-1.0.11.tgz#c1f38caa52bced17c4ba9947f70496a493515e75"
  integrity sha512-fdp/ayt2v3gomcBO62pAr5JrUH6W2hwYeFaaiagMgsj/4mYnoAJutEdQtwUdOnlXU5G375ovYw4gSb31mgVetg==
  dependencies:
    "@nger/core" "^1.8.7"
    rxjs "^6.5.3"

http-status-codes@^1.4.0:
  version "1.4.0"
  resolved "https://registry.yarnpkg.com/http-status-codes/-/http-status-codes-1.4.0.tgz#6e4c15d16ff3a9e2df03b89f3a55e1aae05fb477"
  integrity sha512-JrT3ua+WgH8zBD3HEJYbeEgnuQaAnUeRRko/YojPAJjGmIfGD3KPU/asLdsLwKjfxOmQe5nXMQ0pt/7MyapVbQ==

reflect-metadata@^0.1.13:
  version "0.1.13"
  resolved "https://registry.yarnpkg.com/reflect-metadata/-/reflect-metadata-0.1.13.tgz#67ae3ca57c972a2aa1642b10fe363fe32d49dc08"
  integrity sha512-Ts1Y/anZELhSsjMcU605fU9RE4Oi3p5ORujwbIKXfWa+0Zxs510Qrmrce5/Jowq3cHSZSJqBjypxmHarc+vEWg==

rxjs@^6.5.3:
  version "6.5.3"
  resolved "https://registry.yarnpkg.com/rxjs/-/rxjs-6.5.3.tgz#510e26317f4db91a7eb1de77d9dd9ba0a4899a3a"
  integrity sha512-wuYsAYYFdWTAnAaPoKGNhfpWwKZbJW+HgAJ+mImp+Epl7BG8oNWBCTyRM8gba9k4lk8BgWdoYm21Mo/RYhhbgA==
  dependencies:
    tslib "^1.9.0"

tslib@^1.9.0:
  version "1.10.0"
  resolved "https://registry.yarnpkg.com/tslib/-/tslib-1.10.0.tgz#c3c19f95973fb0a62973fb09d90d961ee43e5c8a"
  integrity sha512-qOebF53frne81cf0S9B41ByenJ3/IuH8yJKngAX35CmiZySA0khhkovshKK+jGCaMnVomla7gVlIcc3EvKPbTQ==
