# THIS IS AN AUTOGENERATED FILE. DO NOT EDIT THIS FILE DIRECTLY.
# yarn lockfile v1


"@nger/core@^1.8.4":
  version "1.8.4"
  resolved "https://registry.yarnpkg.com/@nger/core/-/core-1.8.4.tgz#5cd3cec254f8b79173d424e36ef5f3004333cf18"
  integrity sha512-dkG5i1iwpE8O5xKooVLY+9S6iPqdMdJDwyV6MEI1FB38moPwL9mIN5bKXIpPYwdbBzwgZmNF+qQ+6TNn+GxqQw==
  dependencies:
    "@nger/decorator" "^1.1.12"
    "@nger/di" "^1.5.2"
    rxjs "^6.5.3"

"@nger/decorator@^1.1.12":
  version "1.1.12"
  resolved "https://registry.yarnpkg.com/@nger/decorator/-/decorator-1.1.12.tgz#8b921fbffda52338ecc304854c599f455bfc5343"
  integrity sha512-0jOQBEZmG6S5zh1kiaiIIJ90FMKRDfxGyYvjgkn0RMT6SuccOYvkOZkQAaF15rbO1vA5HgMlSfJw6j3ZPrBvSg==
  dependencies:
    reflect-metadata "^0.1.13"

"@nger/di@^1.5.2":
  version "1.5.2"
  resolved "https://registry.yarnpkg.com/@nger/di/-/di-1.5.2.tgz#de82d5732347215b472a16fa3ef4053e370f8223"
  integrity sha512-aKsMtIicdo7g47v52fHllKg9Do2uJcqfM9KKLhXbWJxXkY+A3p7xJNEA9V3a0zleDZVrcmunaOhJPAOo9wSOhA==
  dependencies:
    "@nger/decorator" "^1.1.12"

"@nger/platform.core@^1.1.0":
  version "1.1.0"
  resolved "https://registry.yarnpkg.com/@nger/platform.core/-/platform.core-1.1.0.tgz#48214ef28ffbfdb3f976e20bea6a2b3a0d966132"
  integrity sha512-zLCwSM5xLOh5cXDhsEoKxM/CPBJuiFxawKjrIh1X49UGVIBvL0Z2SCz6NNz2OTuqnMvn/F1hUNaFh67ru0xWEA==
  dependencies:
    "@nger/core" "^1.8.4"
    "@nger/rx.effects" "^1.0.9"
    "@nger/rx.store" "^1.0.9"

"@nger/rx.effects@^1.0.9":
  version "1.0.9"
  resolved "https://registry.yarnpkg.com/@nger/rx.effects/-/rx.effects-1.0.9.tgz#d40ef0e6bcebebcf275d2e1add07794fb7757e43"
  integrity sha512-C2kzd7dO7X4p6siyFZlLjIH7vbeQ8djncn73nwbvWGGR43T61+RF5MBCTE70Xh4EhAvntACIrLZOUe7y5kRlyQ==
  dependencies:
    "@nger/core" "^1.8.4"
    "@nger/rx.store" "^1.0.9"
    rxjs "^6.5.3"

"@nger/rx.store@^1.0.9":
  version "1.0.9"
  resolved "https://registry.yarnpkg.com/@nger/rx.store/-/rx.store-1.0.9.tgz#5fdd26aaf9260e6918d5bb9edc3b88e01c94b47e"
  integrity sha512-zgs4A68WY/mUVv7fEXk8LNc5c4mTX8np/YL96GXAT+nEqc28lhx4d/nyBNJMuxp0EbDuVd2+6dITT3rPn3u2Rg==
  dependencies:
    "@nger/core" "^1.8.4"
    rxjs "^6.5.3"

reflect-metadata@^0.1.13:
  version "0.1.13"
  resolved "https://registry.yarnpkg.com/reflect-metadata/-/reflect-metadata-0.1.13.tgz#67ae3ca57c972a2aa1642b10fe363fe32d49dc08"
  integrity sha512-Ts1Y/anZELhSsjMcU605fU9RE4Oi3p5ORujwbIKXfWa+0Zxs510Qrmrce5/Jowq3cHSZSJqBjypxmHarc+vEWg==

rxjs@^6.5.3:
  version "6.5.3"
  resolved "https://registry.yarnpkg.com/rxjs/-/rxjs-6.5.3.tgz#510e26317f4db91a7eb1de77d9dd9ba0a4899a3a"
  integrity sha512-wuYsAYYFdWTAnAaPoKGNhfpWwKZbJW+HgAJ+mImp+Epl7BG8oNWBCTyRM8gba9k4lk8BgWdoYm21Mo/RYhhbgA==
  dependencies:
    tslib "^1.9.0"

tslib@^1.9.0:
  version "1.10.0"
  resolved "https://registry.yarnpkg.com/tslib/-/tslib-1.10.0.tgz#c3c19f95973fb0a62973fb09d90d961ee43e5c8a"
  integrity sha512-qOebF53frne81cf0S9B41ByenJ3/IuH8yJKngAX35CmiZySA0khhkovshKK+jGCaMnVomla7gVlIcc3EvKPbTQ==
